
Microsoft Visual Studio Solution File, Format Version 12.00
# Visual Studio Version 17
VisualStudioVersion = 17.9.34607.119
MinimumVisualStudioVersion = 10.0.40219.1
Project("{2150E333-8FDC-42A3-9474-1A3956D46DE8}") = "Chapter01", "Chapter01", "{B7BD81D2-B165-4877-8C67-2867D79163BB}"
EndProject
Project("{FAE04EC0-301F-11D3-BF4B-00C04F79EFBC}") = "ProductSample", "Chapter01\ProductSample\ProductSample.csproj", "{9AEA87ED-D278-4223-B149-EB89E72476D4}"
EndProject
Project("{FAE04EC0-301F-11D3-BF4B-00C04F79EFBC}") = "Sample_p38", "Chapter01\Sample_p38\Sample_p38.csproj", "{A650C7E4-FE7B-4708-AE63-E4917BC20589}"
EndProject
Project("{2150E333-8FDC-42A3-9474-1A3956D46DE8}") = "Chapter02", "Chapter02", "{3873901C-B753-49C5-8D23-C8C82CC0D193}"
EndProject
Project("{2150E333-8FDC-42A3-9474-1A3956D46DE8}") = "売上集計プログラム", "売上集計プログラム", "{C052CAE1-D7A9-4C0F-B93A-E2BAD7564118}"
EndProject
Project("{FAE04EC0-301F-11D3-BF4B-00C04F79EFBC}") = "SalesCounter", "Chapter02\SalesCounter\SalesCounter.csproj", "{449B1701-B4D2-4912-BE59-838A4C319936}"
EndProject
Project("{2150E333-8FDC-42A3-9474-1A3956D46DE8}") = "#演習問題", "#演習問題", "{0FB037C4-F0C8-44A5-B2C6-BE7E9333CAC5}"
EndProject
Project("{FAE04EC0-301F-11D3-BF4B-00C04F79EFBC}") = "Exercise1", "Chapter02\演習問題\Exercise1\Exercise1.csproj", "{AD4C01E7-851A-416F-AD73-558F59EC081C}"
EndProject
Project("{FAE04EC0-301F-11D3-BF4B-00C04F79EFBC}") = "Exercise2", "Chapter02\演習問題\Exercise2\Exercise2.csproj", "{D07EB584-3ADF-419A-B17C-8AFA05ADE54E}"
EndProject
Project("{2150E333-8FDC-42A3-9474-1A3956D46DE8}") = "距離換算プログラム", "距離換算プログラム", "{4C64DCC1-8A66-4B35-B375-CC640F401D3A}"
EndProject
Project("{FAE04EC0-301F-11D3-BF4B-00C04F79EFBC}") = "DistanceConverter", "Chapter02\DistanceConverter\DistanceConverter.csproj", "{4D95D509-AADF-4F85-ABFF-07E6643F04BC}"
EndProject
Project("{2150E333-8FDC-42A3-9474-1A3956D46DE8}") = "FormApps", "FormApps", "{3748B6DE-E9E3-40AD-8372-CFB9AA486DA4}"
EndProject
Project("{9A19103F-16F7-4668-BE54-9A1E7A4F7556}") = "BallApp", "FormApps\BallApp\BallApp.csproj", "{83530393-0A01-43C0-90F6-B2BB3E386C7C}"
EndProject
Project("{2150E333-8FDC-42A3-9474-1A3956D46DE8}") = "Chapter03", "Chapter03", "{A7D67B74-A13D-4698-BFC8-6F2F8581F308}"
EndProject
Project("{FAE04EC0-301F-11D3-BF4B-00C04F79EFBC}") = "Section01", "Chapter03\Section01\Section01.csproj", "{C043D5D5-BBB9-446F-A5FC-C5CD77AEC77F}"
EndProject
Project("{2150E333-8FDC-42A3-9474-1A3956D46DE8}") = "演習問題", "演習問題", "{C4F4BBE1-9B96-4E6A-A06F-25CA0553E0D1}"
EndProject
Project("{FAE04EC0-301F-11D3-BF4B-00C04F79EFBC}") = "Exercise01", "Chapter03\演習問題\Exercise01\Exercise01.csproj", "{04DC7C4B-C0E6-4694-A9EB-6755CE259B58}"
EndProject
Project("{FAE04EC0-301F-11D3-BF4B-00C04F79EFBC}") = "Exercise02", "Chapter03\演習問題\Exercise02\Exercise02.csproj", "{E82B80E8-5C13-4345-97E7-B66ECB3054A7}"
EndProject
Project("{2150E333-8FDC-42A3-9474-1A3956D46DE8}") = "Chapter04", "Chapter04", "{773F72F3-7ED9-4B9A-8ACB-6D8EB1D0FAC5}"
EndProject
Project("{FAE04EC0-301F-11D3-BF4B-00C04F79EFBC}") = "Section01", "Chapter04\Section01\Section01.csproj", "{CCA9A935-C9FA-4664-8B3A-63924F8F1FA4}"
EndProject
Project("{2150E333-8FDC-42A3-9474-1A3956D46DE8}") = "演習問題", "演習問題", "{C4DBFA03-8FF7-4CDB-BDBD-94345461D295}"
EndProject
Project("{FAE04EC0-301F-11D3-BF4B-00C04F79EFBC}") = "Exercise01", "Chapter04\演習問題\Exercise01\Exercise01.csproj", "{915EDA7F-0389-4582-B96F-887821973DFD}"
EndProject
Project("{FAE04EC0-301F-11D3-BF4B-00C04F79EFBC}") = "Exercise02", "Chapter04\演習問題\Exercise02\Exercise02.csproj", "{0D038795-86FC-4E37-A6D1-FDA8F9A2F4BA}"
EndProject
Project("{2150E333-8FDC-42A3-9474-1A3956D46DE8}") = "Chapter05", "Chapter05", "{3A427A76-3B31-413A-9E9F-9835C1A8ADA3}"
EndProject
Project("{2150E333-8FDC-42A3-9474-1A3956D46DE8}") = "演習問題", "演習問題", "{04DBFF51-4996-4E0B-B0C7-D338E057EA48}"
EndProject
Project("{FAE04EC0-301F-11D3-BF4B-00C04F79EFBC}") = "Exercise01", "Chapter05\演習問題\Exercise01\Exercise01.csproj", "{4669565C-75B3-4ED8-9F7C-AC46007F9C97}"
EndProject
Project("{FAE04EC0-301F-11D3-BF4B-00C04F79EFBC}") = "Exercise02", "Chapter05\演習問題\Exercise02\Exercise02.csproj", "{54A21B1D-A8EB-4564-A8D9-35F927F1C1A9}"
EndProject
Project("{FAE04EC0-301F-11D3-BF4B-00C04F79EFBC}") = "Exercise03", "Chapter05\演習問題\Exercise03\Exercise03.csproj", "{E7C27357-3037-4FB5-8C37-1E67E82AB81D}"
EndProject
Project("{FAE04EC0-301F-11D3-BF4B-00C04F79EFBC}") = "Exercise04", "Chapter05\演習問題\Exercise04\Exercise04\Exercise04.csproj", "{3F0A15A1-5786-4EC4-8463-E119927A395D}"
EndProject
Project("{2150E333-8FDC-42A3-9474-1A3956D46DE8}") = "Chapter06", "Chapter06", "{10601339-8BF1-4922-9597-E7D3B8C3D0A0}"
EndProject
Project("{FAE04EC0-301F-11D3-BF4B-00C04F79EFBC}") = "Section01", "Chapter06\Section01\Section01.csproj", "{22B69DAB-9222-44B8-B935-F1F781AB0155}"
EndProject
Project("{2150E333-8FDC-42A3-9474-1A3956D46DE8}") = "演習問題", "演習問題", "{E9F09A80-D442-4BFB-AA64-BF63727AD44D}"
EndProject
Project("{FAE04EC0-301F-11D3-BF4B-00C04F79EFBC}") = "Exercise01", "Chapter06\演習問題\Exercise01\Exercise01.csproj", "{63C8D16A-DB4D-4C03-9B05-BB53465CDDCE}"
EndProject
Project("{FAE04EC0-301F-11D3-BF4B-00C04F79EFBC}") = "Exercise02", "Chapter06\演習問題\Exercise02\Exercise02.csproj", "{4BF66524-F850-487F-B345-70389F798647}"
EndProject
Project("{2150E333-8FDC-42A3-9474-1A3956D46DE8}") = "Chapter07", "Chapter07", "{763F1B45-8C28-4940-A6B5-3C0C0018F454}"
EndProject
Project("{FAE04EC0-301F-11D3-BF4B-00C04F79EFBC}") = "Section01", "Chapter07\Section01\Section01.csproj", "{C2C4BCC0-0C55-46B9-B503-55EC585BC57A}"
EndProject
Project("{FAE04EC0-301F-11D3-BF4B-00C04F79EFBC}") = "Section02", "Chapter07\Section02\Section02\Section02.csproj", "{B1B74AB2-775A-4F7B-A7B2-FBC4B9A35888}"
EndProject
Project("{2150E333-8FDC-42A3-9474-1A3956D46DE8}") = "Test2406", "Test2406", "{B14432CA-C6C6-4CD4-956E-31597C1C04A6}"
EndProject
Project("{FAE04EC0-301F-11D3-BF4B-00C04F79EFBC}") = "Test01", "TestProject\Test01\Test01.csproj", "{2BFACDC3-F44D-4199-8498-F5C3C4AC0335}"
EndProject
Project("{FAE04EC0-301F-11D3-BF4B-00C04F79EFBC}") = "Test02", "TestProject\Test02\Test02.csproj", "{E461C0A8-8900-485C-B520-E929BA33F712}"
EndProject
Project("{FAE04EC0-301F-11D3-BF4B-00C04F79EFBC}") = "Section03", "Chapter07\Section03\Section03.csproj", "{6C6D83D5-CCBA-4188-B536-43F1E5BDB71F}"
EndProject
Project("{FAE04EC0-301F-11D3-BF4B-00C04F79EFBC}") = "Section04", "Chapter07\Section04\Section04.csproj", "{1AE82917-18C9-4817-8CB7-510FA15FB530}"
EndProject
Project("{2150E333-8FDC-42A3-9474-1A3956D46DE8}") = "Chapter08", "Chapter08", "{204B8CD1-C2F1-40BD-A959-267F3F9107C2}"
EndProject
Project("{FAE04EC0-301F-11D3-BF4B-00C04F79EFBC}") = "Section01", "Chapter08\Section01\Section01.csproj", "{85B123B2-7633-4657-96F3-1EBB4CD1B53A}"
EndProject
Project("{9A19103F-16F7-4668-BE54-9A1E7A4F7556}") = "DateTimeApp", "FormApps\DateTimeApp\DateTimeApp.csproj", "{9FBDCFCF-952B-4936-8593-51F29EFAC86E}"
EndProject
Project("{2150E333-8FDC-42A3-9474-1A3956D46DE8}") = "演習問題", "演習問題", "{F4A0A73F-BDDD-4C2B-9611-002490558C6B}"
EndProject
Project("{9A19103F-16F7-4668-BE54-9A1E7A4F7556}") = "Exercise01", "Chapter08\演習問題\Exercise01\Exercise01.csproj", "{D4EDBE4E-0C8C-413D-A4C0-95B44E4D416D}"
EndProject
Project("{9A19103F-16F7-4668-BE54-9A1E7A4F7556}") = "CarReportSystem", "FormApps\CarReport\CarReportSystem\CarReportSystem.csproj", "{10C8F599-FEDA-4DDB-90F6-3397A8095356}"
EndProject
Project("{2150E333-8FDC-42A3-9474-1A3956D46DE8}") = "Chapter11", "Chapter11", "{CF001674-F545-4644-A98E-2A91DCB6F06E}"
EndProject
Project("{FAE04EC0-301F-11D3-BF4B-00C04F79EFBC}") = "Section01", "Chapter11\Section01\Section01.csproj", "{76B0D86E-2F27-4D23-8885-2C7A5D2EA4F7}"
EndProject
Project("{2150E333-8FDC-42A3-9474-1A3956D46DE8}") = "演習問題", "演習問題", "{CFB4836E-4F95-4C14-8232-E84E3028431D}"
EndProject
Project("{FAE04EC0-301F-11D3-BF4B-00C04F79EFBC}") = "Exercise01", "Chapter11\演習問題\Exercise01\Exercise01.csproj", "{17AB30B4-E160-4D8C-AC29-DDB776801C00}"
EndProject
Project("{FAE04EC0-301F-11D3-BF4B-00C04F79EFBC}") = "Section02", "Chapter11\Section02\Section02.csproj", "{F1E003A1-0382-420B-90FA-41CC3B66D4B7}"
EndProject
Project("{2150E333-8FDC-42A3-9474-1A3956D46DE8}") = "Chapter12", "Chapter12", "{C7E2A3E2-35D0-4CEC-AD39-B5422FCF0545}"
EndProject
Project("{FAE04EC0-301F-11D3-BF4B-00C04F79EFBC}") = "Section01", "Chapter12\Section01\Section01.csproj", "{8EDF8724-CD75-43C9-B9E5-BD25BE542EF7}"
EndProject
Project("{2150E333-8FDC-42A3-9474-1A3956D46DE8}") = "演習問題", "演習問題", "{03B79264-1A14-4D51-AAA8-31B632C71A41}"
EndProject
Project("{FAE04EC0-301F-11D3-BF4B-00C04F79EFBC}") = "Exercise01", "Chapter12\演習問題\Exercise01\Exercise01.csproj", "{8F5FDEBE-5DE7-43A5-8272-C3B0458EAAD3}"
EndProject
Project("{FAE04EC0-301F-11D3-BF4B-00C04F79EFBC}") = "Exercise02", "Chapter12\Exercise02\Exercise02.csproj", "{02A13E5A-8035-49B0-B531-3AA618E50F1F}"
EndProject
Project("{FAE04EC0-301F-11D3-BF4B-00C04F79EFBC}") = "RSSReader", "FormApps\RSSReader\RSSReader.csproj", "{08291773-2C68-4139-9193-B212212B8EE8}"
EndProject
Project("{2150E333-8FDC-42A3-9474-1A3956D46DE8}") = "Chapter13", "Chapter13", "{FA42676B-E23D-4B34-A6B5-DEB64670C810}"
EndProject
Project("{FAE04EC0-301F-11D3-BF4B-00C04F79EFBC}") = "SampleEntityFramework", "Chapter13\SampleEntityFramework\SampleEntityFramework.csproj", "{92BA6F25-6127-400D-A155-74C660184697}"
EndProject
Project("{FAE04EC0-301F-11D3-BF4B-00C04F79EFBC}") = "ADOSample", "FormApps\ADOSample\ADOSample\ADOSample.csproj", "{25A62FFD-F21D-4A27-B48C-AA2D0ABEF7F1}"
EndProject
Project("{2150E333-8FDC-42A3-9474-1A3956D46DE8}") = "Chapter15", "Chapter15", "{907082F9-6D23-4E51-A164-F219A1DA7DAA}"
EndProject
Project("{FAE04EC0-301F-11D3-BF4B-00C04F79EFBC}") = "Section01", "Section01\Section01.csproj", "{023962A0-B6FE-4976-9C66-5AB188F6674D}"
EndProject
Project("{2150E333-8FDC-42A3-9474-1A3956D46DE8}") = "Chapter16", "Chapter16", "{0AECF5CB-A61B-4D23-962C-D81C3241773E}"
EndProject
Project("{FAE04EC0-301F-11D3-BF4B-00C04F79EFBC}") = "Section03", "Chapter16\Section03\Section03.csproj", "{ABAE8E74-B598-4134-8D01-C5B07AD9830A}"
EndProject
Project("{FAE04EC0-301F-11D3-BF4B-00C04F79EFBC}") = "Section04", "Chapter16\Section04\Section04.csproj", "{3B1EC57D-6094-477A-AD72-B1F098EEDF4B}"
EndProject
Project("{2150E333-8FDC-42A3-9474-1A3956D46DE8}") = "Chapter17", "Chapter17", "{0C113E3D-6007-4714-8B7F-2C961EC29ECF}"
EndProject
Project("{FAE04EC0-301F-11D3-BF4B-00C04F79EFBC}") = "Section01", "Chapter17\Section01\Section01.csproj", "{13F3B2B8-4060-45E5-A476-0DC2EE839553}"
EndProject
Project("{FAE04EC0-301F-11D3-BF4B-00C04F79EFBC}") = "Section02", "Chapter17\Section02\Section02.csproj", "{E16A2225-A059-4B8B-9A4B-D8BF61FEAC99}"
EndProject
Project("{2150E333-8FDC-42A3-9474-1A3956D46DE8}") = "TemplateMethod", "TemplateMethod", "{E7B2E169-6002-458C-A8C8-426011220931}"
EndProject
Project("{FAE04EC0-301F-11D3-BF4B-00C04F79EFBC}") = "TextFileProcessor", "Chapter17\TemplateMethod\TextFileProcessor\TextFileProcessor.csproj", "{8AA56FAE-A45A-4446-8A79-37681C1D8FAB}"
EndProject
Project("{FAE04EC0-301F-11D3-BF4B-00C04F79EFBC}") = "LineCounter", "Chapter17\TemplateMethod\LineCounter\LineCounter.csproj", "{2A5173BC-18D8-43D9-9425-9FE8A4E1D015}"
EndProject
Project("{2150E333-8FDC-42A3-9474-1A3956D46DE8}") = "Strategy", "Strategy", "{DBD6EDA9-B22D-4332-9962-76BBD9AC9644}"
EndProject
Project("{FAE04EC0-301F-11D3-BF4B-00C04F79EFBC}") = "DistanceConverter", "Chapter17\Strategy\DistanceConverter\DistanceConverter.csproj", "{32D0BBA6-F769-4D6A-AA63-D4F7B8DA8847}"
EndProject
Global
	GlobalSection(SolutionConfigurationPlatforms) = preSolution
		Debug|Any CPU = Debug|Any CPU
		Release|Any CPU = Release|Any CPU
	EndGlobalSection
	GlobalSection(ProjectConfigurationPlatforms) = postSolution
		{9AEA87ED-D278-4223-B149-EB89E72476D4}.Debug|Any CPU.ActiveCfg = Debug|Any CPU
		{9AEA87ED-D278-4223-B149-EB89E72476D4}.Debug|Any CPU.Build.0 = Debug|Any CPU
		{9AEA87ED-D278-4223-B149-EB89E72476D4}.Release|Any CPU.ActiveCfg = Release|Any CPU
		{9AEA87ED-D278-4223-B149-EB89E72476D4}.Release|Any CPU.Build.0 = Release|Any CPU
		{A650C7E4-FE7B-4708-AE63-E4917BC20589}.Debug|Any CPU.ActiveCfg = Debug|Any CPU
		{A650C7E4-FE7B-4708-AE63-E4917BC20589}.Debug|Any CPU.Build.0 = Debug|Any CPU
		{A650C7E4-FE7B-4708-AE63-E4917BC20589}.Release|Any CPU.ActiveCfg = Release|Any CPU
		{A650C7E4-FE7B-4708-AE63-E4917BC20589}.Release|Any CPU.Build.0 = Release|Any CPU
		{449B1701-B4D2-4912-BE59-838A4C319936}.Debug|Any CPU.ActiveCfg = Debug|Any CPU
		{449B1701-B4D2-4912-BE59-838A4C319936}.Debug|Any CPU.Build.0 = Debug|Any CPU
		{449B1701-B4D2-4912-BE59-838A4C319936}.Release|Any CPU.ActiveCfg = Release|Any CPU
		{449B1701-B4D2-4912-BE59-838A4C319936}.Release|Any CPU.Build.0 = Release|Any CPU
		{AD4C01E7-851A-416F-AD73-558F59EC081C}.Debug|Any CPU.ActiveCfg = Debug|Any CPU
		{AD4C01E7-851A-416F-AD73-558F59EC081C}.Debug|Any CPU.Build.0 = Debug|Any CPU
		{AD4C01E7-851A-416F-AD73-558F59EC081C}.Release|Any CPU.ActiveCfg = Release|Any CPU
		{AD4C01E7-851A-416F-AD73-558F59EC081C}.Release|Any CPU.Build.0 = Release|Any CPU
		{D07EB584-3ADF-419A-B17C-8AFA05ADE54E}.Debug|Any CPU.ActiveCfg = Debug|Any CPU
		{D07EB584-3ADF-419A-B17C-8AFA05ADE54E}.Debug|Any CPU.Build.0 = Debug|Any CPU
		{D07EB584-3ADF-419A-B17C-8AFA05ADE54E}.Release|Any CPU.ActiveCfg = Release|Any CPU
		{D07EB584-3ADF-419A-B17C-8AFA05ADE54E}.Release|Any CPU.Build.0 = Release|Any CPU
		{4D95D509-AADF-4F85-ABFF-07E6643F04BC}.Debug|Any CPU.ActiveCfg = Debug|Any CPU
		{4D95D509-AADF-4F85-ABFF-07E6643F04BC}.Debug|Any CPU.Build.0 = Debug|Any CPU
		{4D95D509-AADF-4F85-ABFF-07E6643F04BC}.Release|Any CPU.ActiveCfg = Release|Any CPU
		{4D95D509-AADF-4F85-ABFF-07E6643F04BC}.Release|Any CPU.Build.0 = Release|Any CPU
		{83530393-0A01-43C0-90F6-B2BB3E386C7C}.Debug|Any CPU.ActiveCfg = Debug|Any CPU
		{83530393-0A01-43C0-90F6-B2BB3E386C7C}.Debug|Any CPU.Build.0 = Debug|Any CPU
		{83530393-0A01-43C0-90F6-B2BB3E386C7C}.Release|Any CPU.ActiveCfg = Release|Any CPU
		{83530393-0A01-43C0-90F6-B2BB3E386C7C}.Release|Any CPU.Build.0 = Release|Any CPU
		{C043D5D5-BBB9-446F-A5FC-C5CD77AEC77F}.Debug|Any CPU.ActiveCfg = Debug|Any CPU
		{C043D5D5-BBB9-446F-A5FC-C5CD77AEC77F}.Debug|Any CPU.Build.0 = Debug|Any CPU
		{C043D5D5-BBB9-446F-A5FC-C5CD77AEC77F}.Release|Any CPU.ActiveCfg = Release|Any CPU
		{C043D5D5-BBB9-446F-A5FC-C5CD77AEC77F}.Release|Any CPU.Build.0 = Release|Any CPU
		{04DC7C4B-C0E6-4694-A9EB-6755CE259B58}.Debug|Any CPU.ActiveCfg = Debug|Any CPU
		{04DC7C4B-C0E6-4694-A9EB-6755CE259B58}.Debug|Any CPU.Build.0 = Debug|Any CPU
		{04DC7C4B-C0E6-4694-A9EB-6755CE259B58}.Release|Any CPU.ActiveCfg = Release|Any CPU
		{04DC7C4B-C0E6-4694-A9EB-6755CE259B58}.Release|Any CPU.Build.0 = Release|Any CPU
		{E82B80E8-5C13-4345-97E7-B66ECB3054A7}.Debug|Any CPU.ActiveCfg = Debug|Any CPU
		{E82B80E8-5C13-4345-97E7-B66ECB3054A7}.Debug|Any CPU.Build.0 = Debug|Any CPU
		{E82B80E8-5C13-4345-97E7-B66ECB3054A7}.Release|Any CPU.ActiveCfg = Release|Any CPU
		{E82B80E8-5C13-4345-97E7-B66ECB3054A7}.Release|Any CPU.Build.0 = Release|Any CPU
		{CCA9A935-C9FA-4664-8B3A-63924F8F1FA4}.Debug|Any CPU.ActiveCfg = Debug|Any CPU
		{CCA9A935-C9FA-4664-8B3A-63924F8F1FA4}.Debug|Any CPU.Build.0 = Debug|Any CPU
		{CCA9A935-C9FA-4664-8B3A-63924F8F1FA4}.Release|Any CPU.ActiveCfg = Release|Any CPU
		{CCA9A935-C9FA-4664-8B3A-63924F8F1FA4}.Release|Any CPU.Build.0 = Release|Any CPU
		{915EDA7F-0389-4582-B96F-887821973DFD}.Debug|Any CPU.ActiveCfg = Debug|Any CPU
		{915EDA7F-0389-4582-B96F-887821973DFD}.Debug|Any CPU.Build.0 = Debug|Any CPU
		{915EDA7F-0389-4582-B96F-887821973DFD}.Release|Any CPU.ActiveCfg = Release|Any CPU
		{915EDA7F-0389-4582-B96F-887821973DFD}.Release|Any CPU.Build.0 = Release|Any CPU
		{0D038795-86FC-4E37-A6D1-FDA8F9A2F4BA}.Debug|Any CPU.ActiveCfg = Debug|Any CPU
		{0D038795-86FC-4E37-A6D1-FDA8F9A2F4BA}.Debug|Any CPU.Build.0 = Debug|Any CPU
		{0D038795-86FC-4E37-A6D1-FDA8F9A2F4BA}.Release|Any CPU.ActiveCfg = Release|Any CPU
		{0D038795-86FC-4E37-A6D1-FDA8F9A2F4BA}.Release|Any CPU.Build.0 = Release|Any CPU
		{4669565C-75B3-4ED8-9F7C-AC46007F9C97}.Debug|Any CPU.ActiveCfg = Debug|Any CPU
		{4669565C-75B3-4ED8-9F7C-AC46007F9C97}.Debug|Any CPU.Build.0 = Debug|Any CPU
		{4669565C-75B3-4ED8-9F7C-AC46007F9C97}.Release|Any CPU.ActiveCfg = Release|Any CPU
		{4669565C-75B3-4ED8-9F7C-AC46007F9C97}.Release|Any CPU.Build.0 = Release|Any CPU
		{54A21B1D-A8EB-4564-A8D9-35F927F1C1A9}.Debug|Any CPU.ActiveCfg = Debug|Any CPU
		{54A21B1D-A8EB-4564-A8D9-35F927F1C1A9}.Debug|Any CPU.Build.0 = Debug|Any CPU
		{54A21B1D-A8EB-4564-A8D9-35F927F1C1A9}.Release|Any CPU.ActiveCfg = Release|Any CPU
		{54A21B1D-A8EB-4564-A8D9-35F927F1C1A9}.Release|Any CPU.Build.0 = Release|Any CPU
		{E7C27357-3037-4FB5-8C37-1E67E82AB81D}.Debug|Any CPU.ActiveCfg = Debug|Any CPU
		{E7C27357-3037-4FB5-8C37-1E67E82AB81D}.Debug|Any CPU.Build.0 = Debug|Any CPU
		{E7C27357-3037-4FB5-8C37-1E67E82AB81D}.Release|Any CPU.ActiveCfg = Release|Any CPU
		{E7C27357-3037-4FB5-8C37-1E67E82AB81D}.Release|Any CPU.Build.0 = Release|Any CPU
		{3F0A15A1-5786-4EC4-8463-E119927A395D}.Debug|Any CPU.ActiveCfg = Debug|Any CPU
		{3F0A15A1-5786-4EC4-8463-E119927A395D}.Debug|Any CPU.Build.0 = Debug|Any CPU
		{3F0A15A1-5786-4EC4-8463-E119927A395D}.Release|Any CPU.ActiveCfg = Release|Any CPU
		{3F0A15A1-5786-4EC4-8463-E119927A395D}.Release|Any CPU.Build.0 = Release|Any CPU
		{22B69DAB-9222-44B8-B935-F1F781AB0155}.Debug|Any CPU.ActiveCfg = Debug|Any CPU
		{22B69DAB-9222-44B8-B935-F1F781AB0155}.Debug|Any CPU.Build.0 = Debug|Any CPU
		{22B69DAB-9222-44B8-B935-F1F781AB0155}.Release|Any CPU.ActiveCfg = Release|Any CPU
		{22B69DAB-9222-44B8-B935-F1F781AB0155}.Release|Any CPU.Build.0 = Release|Any CPU
		{63C8D16A-DB4D-4C03-9B05-BB53465CDDCE}.Debug|Any CPU.ActiveCfg = Debug|Any CPU
		{63C8D16A-DB4D-4C03-9B05-BB53465CDDCE}.Debug|Any CPU.Build.0 = Debug|Any CPU
		{63C8D16A-DB4D-4C03-9B05-BB53465CDDCE}.Release|Any CPU.ActiveCfg = Release|Any CPU
		{63C8D16A-DB4D-4C03-9B05-BB53465CDDCE}.Release|Any CPU.Build.0 = Release|Any CPU
		{4BF66524-F850-487F-B345-70389F798647}.Debug|Any CPU.ActiveCfg = Debug|Any CPU
		{4BF66524-F850-487F-B345-70389F798647}.Debug|Any CPU.Build.0 = Debug|Any CPU
		{4BF66524-F850-487F-B345-70389F798647}.Release|Any CPU.ActiveCfg = Release|Any CPU
		{4BF66524-F850-487F-B345-70389F798647}.Release|Any CPU.Build.0 = Release|Any CPU
		{C2C4BCC0-0C55-46B9-B503-55EC585BC57A}.Debug|Any CPU.ActiveCfg = Debug|Any CPU
		{C2C4BCC0-0C55-46B9-B503-55EC585BC57A}.Debug|Any CPU.Build.0 = Debug|Any CPU
		{C2C4BCC0-0C55-46B9-B503-55EC585BC57A}.Release|Any CPU.ActiveCfg = Release|Any CPU
		{C2C4BCC0-0C55-46B9-B503-55EC585BC57A}.Release|Any CPU.Build.0 = Release|Any CPU
		{B1B74AB2-775A-4F7B-A7B2-FBC4B9A35888}.Debug|Any CPU.ActiveCfg = Debug|Any CPU
		{B1B74AB2-775A-4F7B-A7B2-FBC4B9A35888}.Debug|Any CPU.Build.0 = Debug|Any CPU
		{B1B74AB2-775A-4F7B-A7B2-FBC4B9A35888}.Release|Any CPU.ActiveCfg = Release|Any CPU
		{B1B74AB2-775A-4F7B-A7B2-FBC4B9A35888}.Release|Any CPU.Build.0 = Release|Any CPU
		{2BFACDC3-F44D-4199-8498-F5C3C4AC0335}.Debug|Any CPU.ActiveCfg = Debug|Any CPU
		{2BFACDC3-F44D-4199-8498-F5C3C4AC0335}.Debug|Any CPU.Build.0 = Debug|Any CPU
		{2BFACDC3-F44D-4199-8498-F5C3C4AC0335}.Release|Any CPU.ActiveCfg = Release|Any CPU
		{2BFACDC3-F44D-4199-8498-F5C3C4AC0335}.Release|Any CPU.Build.0 = Release|Any CPU
		{E461C0A8-8900-485C-B520-E929BA33F712}.Debug|Any CPU.ActiveCfg = Debug|Any CPU
		{E461C0A8-8900-485C-B520-E929BA33F712}.Debug|Any CPU.Build.0 = Debug|Any CPU
		{E461C0A8-8900-485C-B520-E929BA33F712}.Release|Any CPU.ActiveCfg = Release|Any CPU
		{E461C0A8-8900-485C-B520-E929BA33F712}.Release|Any CPU.Build.0 = Release|Any CPU
		{6C6D83D5-CCBA-4188-B536-43F1E5BDB71F}.Debug|Any CPU.ActiveCfg = Debug|Any CPU
		{6C6D83D5-CCBA-4188-B536-43F1E5BDB71F}.Debug|Any CPU.Build.0 = Debug|Any CPU
		{6C6D83D5-CCBA-4188-B536-43F1E5BDB71F}.Release|Any CPU.ActiveCfg = Release|Any CPU
		{6C6D83D5-CCBA-4188-B536-43F1E5BDB71F}.Release|Any CPU.Build.0 = Release|Any CPU
		{1AE82917-18C9-4817-8CB7-510FA15FB530}.Debug|Any CPU.ActiveCfg = Debug|Any CPU
		{1AE82917-18C9-4817-8CB7-510FA15FB530}.Debug|Any CPU.Build.0 = Debug|Any CPU
		{1AE82917-18C9-4817-8CB7-510FA15FB530}.Release|Any CPU.ActiveCfg = Release|Any CPU
		{1AE82917-18C9-4817-8CB7-510FA15FB530}.Release|Any CPU.Build.0 = Release|Any CPU
		{85B123B2-7633-4657-96F3-1EBB4CD1B53A}.Debug|Any CPU.ActiveCfg = Debug|Any CPU
		{85B123B2-7633-4657-96F3-1EBB4CD1B53A}.Debug|Any CPU.Build.0 = Debug|Any CPU
		{85B123B2-7633-4657-96F3-1EBB4CD1B53A}.Release|Any CPU.ActiveCfg = Release|Any CPU
		{85B123B2-7633-4657-96F3-1EBB4CD1B53A}.Release|Any CPU.Build.0 = Release|Any CPU
		{9FBDCFCF-952B-4936-8593-51F29EFAC86E}.Debug|Any CPU.ActiveCfg = Debug|Any CPU
		{9FBDCFCF-952B-4936-8593-51F29EFAC86E}.Debug|Any CPU.Build.0 = Debug|Any CPU
		{9FBDCFCF-952B-4936-8593-51F29EFAC86E}.Release|Any CPU.ActiveCfg = Release|Any CPU
		{9FBDCFCF-952B-4936-8593-51F29EFAC86E}.Release|Any CPU.Build.0 = Release|Any CPU
		{D4EDBE4E-0C8C-413D-A4C0-95B44E4D416D}.Debug|Any CPU.ActiveCfg = Debug|Any CPU
		{D4EDBE4E-0C8C-413D-A4C0-95B44E4D416D}.Debug|Any CPU.Build.0 = Debug|Any CPU
		{D4EDBE4E-0C8C-413D-A4C0-95B44E4D416D}.Release|Any CPU.ActiveCfg = Release|Any CPU
		{D4EDBE4E-0C8C-413D-A4C0-95B44E4D416D}.Release|Any CPU.Build.0 = Release|Any CPU
		{10C8F599-FEDA-4DDB-90F6-3397A8095356}.Debug|Any CPU.ActiveCfg = Debug|Any CPU
		{10C8F599-FEDA-4DDB-90F6-3397A8095356}.Debug|Any CPU.Build.0 = Debug|Any CPU
		{10C8F599-FEDA-4DDB-90F6-3397A8095356}.Release|Any CPU.ActiveCfg = Release|Any CPU
		{10C8F599-FEDA-4DDB-90F6-3397A8095356}.Release|Any CPU.Build.0 = Release|Any CPU
		{76B0D86E-2F27-4D23-8885-2C7A5D2EA4F7}.Debug|Any CPU.ActiveCfg = Debug|Any CPU
		{76B0D86E-2F27-4D23-8885-2C7A5D2EA4F7}.Debug|Any CPU.Build.0 = Debug|Any CPU
		{76B0D86E-2F27-4D23-8885-2C7A5D2EA4F7}.Release|Any CPU.ActiveCfg = Release|Any CPU
		{76B0D86E-2F27-4D23-8885-2C7A5D2EA4F7}.Release|Any CPU.Build.0 = Release|Any CPU
		{17AB30B4-E160-4D8C-AC29-DDB776801C00}.Debug|Any CPU.ActiveCfg = Debug|Any CPU
		{17AB30B4-E160-4D8C-AC29-DDB776801C00}.Debug|Any CPU.Build.0 = Debug|Any CPU
		{17AB30B4-E160-4D8C-AC29-DDB776801C00}.Release|Any CPU.ActiveCfg = Release|Any CPU
		{17AB30B4-E160-4D8C-AC29-DDB776801C00}.Release|Any CPU.Build.0 = Release|Any CPU
		{F1E003A1-0382-420B-90FA-41CC3B66D4B7}.Debug|Any CPU.ActiveCfg = Debug|Any CPU
		{F1E003A1-0382-420B-90FA-41CC3B66D4B7}.Debug|Any CPU.Build.0 = Debug|Any CPU
		{F1E003A1-0382-420B-90FA-41CC3B66D4B7}.Release|Any CPU.ActiveCfg = Release|Any CPU
		{F1E003A1-0382-420B-90FA-41CC3B66D4B7}.Release|Any CPU.Build.0 = Release|Any CPU
		{8EDF8724-CD75-43C9-B9E5-BD25BE542EF7}.Debug|Any CPU.ActiveCfg = Debug|Any CPU
		{8EDF8724-CD75-43C9-B9E5-BD25BE542EF7}.Debug|Any CPU.Build.0 = Debug|Any CPU
		{8EDF8724-CD75-43C9-B9E5-BD25BE542EF7}.Release|Any CPU.ActiveCfg = Release|Any CPU
		{8EDF8724-CD75-43C9-B9E5-BD25BE542EF7}.Release|Any CPU.Build.0 = Release|Any CPU
		{8F5FDEBE-5DE7-43A5-8272-C3B0458EAAD3}.Debug|Any CPU.ActiveCfg = Debug|Any CPU
		{8F5FDEBE-5DE7-43A5-8272-C3B0458EAAD3}.Debug|Any CPU.Build.0 = Debug|Any CPU
		{8F5FDEBE-5DE7-43A5-8272-C3B0458EAAD3}.Release|Any CPU.ActiveCfg = Release|Any CPU
		{8F5FDEBE-5DE7-43A5-8272-C3B0458EAAD3}.Release|Any CPU.Build.0 = Release|Any CPU
		{02A13E5A-8035-49B0-B531-3AA618E50F1F}.Debug|Any CPU.ActiveCfg = Debug|Any CPU
		{02A13E5A-8035-49B0-B531-3AA618E50F1F}.Debug|Any CPU.Build.0 = Debug|Any CPU
		{02A13E5A-8035-49B0-B531-3AA618E50F1F}.Release|Any CPU.ActiveCfg = Release|Any CPU
		{02A13E5A-8035-49B0-B531-3AA618E50F1F}.Release|Any CPU.Build.0 = Release|Any CPU
		{08291773-2C68-4139-9193-B212212B8EE8}.Debug|Any CPU.ActiveCfg = Debug|Any CPU
		{08291773-2C68-4139-9193-B212212B8EE8}.Debug|Any CPU.Build.0 = Debug|Any CPU
		{08291773-2C68-4139-9193-B212212B8EE8}.Release|Any CPU.ActiveCfg = Release|Any CPU
		{08291773-2C68-4139-9193-B212212B8EE8}.Release|Any CPU.Build.0 = Release|Any CPU
		{92BA6F25-6127-400D-A155-74C660184697}.Debug|Any CPU.ActiveCfg = Debug|Any CPU
		{92BA6F25-6127-400D-A155-74C660184697}.Debug|Any CPU.Build.0 = Debug|Any CPU
		{92BA6F25-6127-400D-A155-74C660184697}.Release|Any CPU.ActiveCfg = Release|Any CPU
		{92BA6F25-6127-400D-A155-74C660184697}.Release|Any CPU.Build.0 = Release|Any CPU
		{25A62FFD-F21D-4A27-B48C-AA2D0ABEF7F1}.Debug|Any CPU.ActiveCfg = Debug|Any CPU
		{25A62FFD-F21D-4A27-B48C-AA2D0ABEF7F1}.Debug|Any CPU.Build.0 = Debug|Any CPU
		{25A62FFD-F21D-4A27-B48C-AA2D0ABEF7F1}.Release|Any CPU.ActiveCfg = Release|Any CPU
		{25A62FFD-F21D-4A27-B48C-AA2D0ABEF7F1}.Release|Any CPU.Build.0 = Release|Any CPU
		{023962A0-B6FE-4976-9C66-5AB188F6674D}.Debug|Any CPU.ActiveCfg = Debug|Any CPU
		{023962A0-B6FE-4976-9C66-5AB188F6674D}.Debug|Any CPU.Build.0 = Debug|Any CPU
		{023962A0-B6FE-4976-9C66-5AB188F6674D}.Release|Any CPU.ActiveCfg = Release|Any CPU
		{023962A0-B6FE-4976-9C66-5AB188F6674D}.Release|Any CPU.Build.0 = Release|Any CPU
		{ABAE8E74-B598-4134-8D01-C5B07AD9830A}.Debug|Any CPU.ActiveCfg = Debug|Any CPU
		{ABAE8E74-B598-4134-8D01-C5B07AD9830A}.Debug|Any CPU.Build.0 = Debug|Any CPU
		{ABAE8E74-B598-4134-8D01-C5B07AD9830A}.Release|Any CPU.ActiveCfg = Release|Any CPU
		{ABAE8E74-B598-4134-8D01-C5B07AD9830A}.Release|Any CPU.Build.0 = Release|Any CPU
		{3B1EC57D-6094-477A-AD72-B1F098EEDF4B}.Debug|Any CPU.ActiveCfg = Debug|Any CPU
		{3B1EC57D-6094-477A-AD72-B1F098EEDF4B}.Debug|Any CPU.Build.0 = Debug|Any CPU
		{3B1EC57D-6094-477A-AD72-B1F098EEDF4B}.Release|Any CPU.ActiveCfg = Release|Any CPU
		{3B1EC57D-6094-477A-AD72-B1F098EEDF4B}.Release|Any CPU.Build.0 = Release|Any CPU
		{13F3B2B8-4060-45E5-A476-0DC2EE839553}.Debug|Any CPU.ActiveCfg = Debug|Any CPU
		{13F3B2B8-4060-45E5-A476-0DC2EE839553}.Debug|Any CPU.Build.0 = Debug|Any CPU
		{13F3B2B8-4060-45E5-A476-0DC2EE839553}.Release|Any CPU.ActiveCfg = Release|Any CPU
		{13F3B2B8-4060-45E5-A476-0DC2EE839553}.Release|Any CPU.Build.0 = Release|Any CPU
		{E16A2225-A059-4B8B-9A4B-D8BF61FEAC99}.Debug|Any CPU.ActiveCfg = Debug|Any CPU
		{E16A2225-A059-4B8B-9A4B-D8BF61FEAC99}.Debug|Any CPU.Build.0 = Debug|Any CPU
		{E16A2225-A059-4B8B-9A4B-D8BF61FEAC99}.Release|Any CPU.ActiveCfg = Release|Any CPU
		{E16A2225-A059-4B8B-9A4B-D8BF61FEAC99}.Release|Any CPU.Build.0 = Release|Any CPU
		{8AA56FAE-A45A-4446-8A79-37681C1D8FAB}.Debug|Any CPU.ActiveCfg = Debug|Any CPU
		{8AA56FAE-A45A-4446-8A79-37681C1D8FAB}.Debug|Any CPU.Build.0 = Debug|Any CPU
		{8AA56FAE-A45A-4446-8A79-37681C1D8FAB}.Release|Any CPU.ActiveCfg = Release|Any CPU
		{8AA56FAE-A45A-4446-8A79-37681C1D8FAB}.Release|Any CPU.Build.0 = Release|Any CPU
		{2A5173BC-18D8-43D9-9425-9FE8A4E1D015}.Debug|Any CPU.ActiveCfg = Debug|Any CPU
		{2A5173BC-18D8-43D9-9425-9FE8A4E1D015}.Debug|Any CPU.Build.0 = Debug|Any CPU
		{2A5173BC-18D8-43D9-9425-9FE8A4E1D015}.Release|Any CPU.ActiveCfg = Release|Any CPU
		{2A5173BC-18D8-43D9-9425-9FE8A4E1D015}.Release|Any CPU.Build.0 = Release|Any CPU
		{32D0BBA6-F769-4D6A-AA63-D4F7B8DA8847}.Debug|Any CPU.ActiveCfg = Debug|Any CPU
		{32D0BBA6-F769-4D6A-AA63-D4F7B8DA8847}.Debug|Any CPU.Build.0 = Debug|Any CPU
		{32D0BBA6-F769-4D6A-AA63-D4F7B8DA8847}.Release|Any CPU.ActiveCfg = Release|Any CPU
		{32D0BBA6-F769-4D6A-AA63-D4F7B8DA8847}.Release|Any CPU.Build.0 = Release|Any CPU
	EndGlobalSection
	GlobalSection(SolutionProperties) = preSolution
		HideSolutionNode = FALSE
	EndGlobalSection
	GlobalSection(NestedProjects) = preSolution
		{9AEA87ED-D278-4223-B149-EB89E72476D4} = {B7BD81D2-B165-4877-8C67-2867D79163BB}
		{A650C7E4-FE7B-4708-AE63-E4917BC20589} = {B7BD81D2-B165-4877-8C67-2867D79163BB}
		{C052CAE1-D7A9-4C0F-B93A-E2BAD7564118} = {3873901C-B753-49C5-8D23-C8C82CC0D193}
		{449B1701-B4D2-4912-BE59-838A4C319936} = {C052CAE1-D7A9-4C0F-B93A-E2BAD7564118}
		{0FB037C4-F0C8-44A5-B2C6-BE7E9333CAC5} = {3873901C-B753-49C5-8D23-C8C82CC0D193}
		{AD4C01E7-851A-416F-AD73-558F59EC081C} = {0FB037C4-F0C8-44A5-B2C6-BE7E9333CAC5}
		{D07EB584-3ADF-419A-B17C-8AFA05ADE54E} = {0FB037C4-F0C8-44A5-B2C6-BE7E9333CAC5}
		{4C64DCC1-8A66-4B35-B375-CC640F401D3A} = {3873901C-B753-49C5-8D23-C8C82CC0D193}
		{4D95D509-AADF-4F85-ABFF-07E6643F04BC} = {4C64DCC1-8A66-4B35-B375-CC640F401D3A}
		{83530393-0A01-43C0-90F6-B2BB3E386C7C} = {3748B6DE-E9E3-40AD-8372-CFB9AA486DA4}
		{C043D5D5-BBB9-446F-A5FC-C5CD77AEC77F} = {A7D67B74-A13D-4698-BFC8-6F2F8581F308}
		{C4F4BBE1-9B96-4E6A-A06F-25CA0553E0D1} = {A7D67B74-A13D-4698-BFC8-6F2F8581F308}
		{04DC7C4B-C0E6-4694-A9EB-6755CE259B58} = {C4F4BBE1-9B96-4E6A-A06F-25CA0553E0D1}
		{E82B80E8-5C13-4345-97E7-B66ECB3054A7} = {C4F4BBE1-9B96-4E6A-A06F-25CA0553E0D1}
		{CCA9A935-C9FA-4664-8B3A-63924F8F1FA4} = {773F72F3-7ED9-4B9A-8ACB-6D8EB1D0FAC5}
		{C4DBFA03-8FF7-4CDB-BDBD-94345461D295} = {773F72F3-7ED9-4B9A-8ACB-6D8EB1D0FAC5}
		{915EDA7F-0389-4582-B96F-887821973DFD} = {C4DBFA03-8FF7-4CDB-BDBD-94345461D295}
		{0D038795-86FC-4E37-A6D1-FDA8F9A2F4BA} = {C4DBFA03-8FF7-4CDB-BDBD-94345461D295}
		{04DBFF51-4996-4E0B-B0C7-D338E057EA48} = {3A427A76-3B31-413A-9E9F-9835C1A8ADA3}
		{4669565C-75B3-4ED8-9F7C-AC46007F9C97} = {04DBFF51-4996-4E0B-B0C7-D338E057EA48}
		{54A21B1D-A8EB-4564-A8D9-35F927F1C1A9} = {04DBFF51-4996-4E0B-B0C7-D338E057EA48}
		{E7C27357-3037-4FB5-8C37-1E67E82AB81D} = {04DBFF51-4996-4E0B-B0C7-D338E057EA48}
		{3F0A15A1-5786-4EC4-8463-E119927A395D} = {04DBFF51-4996-4E0B-B0C7-D338E057EA48}
		{22B69DAB-9222-44B8-B935-F1F781AB0155} = {10601339-8BF1-4922-9597-E7D3B8C3D0A0}
		{E9F09A80-D442-4BFB-AA64-BF63727AD44D} = {10601339-8BF1-4922-9597-E7D3B8C3D0A0}
		{63C8D16A-DB4D-4C03-9B05-BB53465CDDCE} = {E9F09A80-D442-4BFB-AA64-BF63727AD44D}
		{4BF66524-F850-487F-B345-70389F798647} = {E9F09A80-D442-4BFB-AA64-BF63727AD44D}
		{C2C4BCC0-0C55-46B9-B503-55EC585BC57A} = {763F1B45-8C28-4940-A6B5-3C0C0018F454}
		{B1B74AB2-775A-4F7B-A7B2-FBC4B9A35888} = {763F1B45-8C28-4940-A6B5-3C0C0018F454}
		{2BFACDC3-F44D-4199-8498-F5C3C4AC0335} = {B14432CA-C6C6-4CD4-956E-31597C1C04A6}
		{E461C0A8-8900-485C-B520-E929BA33F712} = {B14432CA-C6C6-4CD4-956E-31597C1C04A6}
		{6C6D83D5-CCBA-4188-B536-43F1E5BDB71F} = {763F1B45-8C28-4940-A6B5-3C0C0018F454}
		{1AE82917-18C9-4817-8CB7-510FA15FB530} = {763F1B45-8C28-4940-A6B5-3C0C0018F454}
		{85B123B2-7633-4657-96F3-1EBB4CD1B53A} = {204B8CD1-C2F1-40BD-A959-267F3F9107C2}
		{9FBDCFCF-952B-4936-8593-51F29EFAC86E} = {3748B6DE-E9E3-40AD-8372-CFB9AA486DA4}
		{F4A0A73F-BDDD-4C2B-9611-002490558C6B} = {204B8CD1-C2F1-40BD-A959-267F3F9107C2}
		{D4EDBE4E-0C8C-413D-A4C0-95B44E4D416D} = {F4A0A73F-BDDD-4C2B-9611-002490558C6B}
		{10C8F599-FEDA-4DDB-90F6-3397A8095356} = {3748B6DE-E9E3-40AD-8372-CFB9AA486DA4}
		{76B0D86E-2F27-4D23-8885-2C7A5D2EA4F7} = {CF001674-F545-4644-A98E-2A91DCB6F06E}
		{CFB4836E-4F95-4C14-8232-E84E3028431D} = {CF001674-F545-4644-A98E-2A91DCB6F06E}
		{17AB30B4-E160-4D8C-AC29-DDB776801C00} = {CFB4836E-4F95-4C14-8232-E84E3028431D}
		{F1E003A1-0382-420B-90FA-41CC3B66D4B7} = {CF001674-F545-4644-A98E-2A91DCB6F06E}
		{8EDF8724-CD75-43C9-B9E5-BD25BE542EF7} = {C7E2A3E2-35D0-4CEC-AD39-B5422FCF0545}
		{03B79264-1A14-4D51-AAA8-31B632C71A41} = {C7E2A3E2-35D0-4CEC-AD39-B5422FCF0545}
		{8F5FDEBE-5DE7-43A5-8272-C3B0458EAAD3} = {03B79264-1A14-4D51-AAA8-31B632C71A41}
		{02A13E5A-8035-49B0-B531-3AA618E50F1F} = {C7E2A3E2-35D0-4CEC-AD39-B5422FCF0545}
		{08291773-2C68-4139-9193-B212212B8EE8} = {3748B6DE-E9E3-40AD-8372-CFB9AA486DA4}
		{92BA6F25-6127-400D-A155-74C660184697} = {FA42676B-E23D-4B34-A6B5-DEB64670C810}
		{25A62FFD-F21D-4A27-B48C-AA2D0ABEF7F1} = {3748B6DE-E9E3-40AD-8372-CFB9AA486DA4}
		{023962A0-B6FE-4976-9C66-5AB188F6674D} = {907082F9-6D23-4E51-A164-F219A1DA7DAA}
		{ABAE8E74-B598-4134-8D01-C5B07AD9830A} = {0AECF5CB-A61B-4D23-962C-D81C3241773E}
		{3B1EC57D-6094-477A-AD72-B1F098EEDF4B} = {0AECF5CB-A61B-4D23-962C-D81C3241773E}
		{13F3B2B8-4060-45E5-A476-0DC2EE839553} = {0C113E3D-6007-4714-8B7F-2C961EC29ECF}
		{E16A2225-A059-4B8B-9A4B-D8BF61FEAC99} = {0C113E3D-6007-4714-8B7F-2C961EC29ECF}
		{E7B2E169-6002-458C-A8C8-426011220931} = {0C113E3D-6007-4714-8B7F-2C961EC29ECF}
		{8AA56FAE-A45A-4446-8A79-37681C1D8FAB} = {E7B2E169-6002-458C-A8C8-426011220931}
		{2A5173BC-18D8-43D9-9425-9FE8A4E1D015} = {E7B2E169-6002-458C-A8C8-426011220931}
		{DBD6EDA9-B22D-4332-9962-76BBD9AC9644} = {0C113E3D-6007-4714-8B7F-2C961EC29ECF}
		{32D0BBA6-F769-4D6A-AA63-D4F7B8DA8847} = {DBD6EDA9-B22D-4332-9962-76BBD9AC9644}
	EndGlobalSection
	GlobalSection(ExtensibilityGlobals) = postSolution
		SolutionGuid = {C6BDA932-02D0-45AF-9870-D1746C173676}
	EndGlobalSection
EndGlobal
