
Microsoft Visual Studio Solution File, Format Version 12.00
# Visual Studio Version 17
VisualStudioVersion = 17.9.34607.119
MinimumVisualStudioVersion = 10.0.40219.1
Project("{2150E333-8FDC-42A3-9474-1A3956D46DE8}") = "Chapter01", "Chapter01", "{B7BD81D2-B165-4877-8C67-2867D79163BB}"
EndProject
Project("{FAE04EC0-301F-11D3-BF4B-00C04F79EFBC}") = "ProductSample", "Chapter01\ProductSample\ProductSample.csproj", "{9AEA87ED-D278-4223-B149-EB89E72476D4}"
EndProject
Project("{FAE04EC0-301F-11D3-BF4B-00C04F79EFBC}") = "Sample_p38", "Chapter01\Sample_p38\Sample_p38.csproj", "{A650C7E4-FE7B-4708-AE63-E4917BC20589}"
EndProject
Project("{2150E333-8FDC-42A3-9474-1A3956D46DE8}") = "Chapter02", "Chapter02", "{3873901C-B753-49C5-8D23-C8C82CC0D193}"
EndProject
Project("{2150E333-8FDC-42A3-9474-1A3956D46DE8}") = "売上集計プログラム", "売上集計プログラム", "{C052CAE1-D7A9-4C0F-B93A-E2BAD7564118}"
EndProject
Project("{FAE04EC0-301F-11D3-BF4B-00C04F79EFBC}") = "SalesCounter", "Chapter02\SalesCounter\SalesCounter.csproj", "{449B1701-B4D2-4912-BE59-838A4C319936}"
EndProject
Project("{2150E333-8FDC-42A3-9474-1A3956D46DE8}") = "#演習問題", "#演習問題", "{0FB037C4-F0C8-44A5-B2C6-BE7E9333CAC5}"
EndProject
Project("{FAE04EC0-301F-11D3-BF4B-00C04F79EFBC}") = "Exercise1", "Chapter02\演習問題\Exercise1\Exercise1.csproj", "{AD4C01E7-851A-416F-AD73-558F59EC081C}"
EndProject
Project("{FAE04EC0-301F-11D3-BF4B-00C04F79EFBC}") = "Exercise2", "Chapter02\演習問題\Exercise2\Exercise2.csproj", "{D07EB584-3ADF-419A-B17C-8AFA05ADE54E}"
EndProject
Project("{2150E333-8FDC-42A3-9474-1A3956D46DE8}") = "距離換算プログラム", "距離換算プログラム", "{4C64DCC1-8A66-4B35-B375-CC640F401D3A}"
EndProject
Project("{FAE04EC0-301F-11D3-BF4B-00C04F79EFBC}") = "DistanceConverter", "Chapter02\DistanceConverter\DistanceConverter.csproj", "{4D95D509-AADF-4F85-ABFF-07E6643F04BC}"
EndProject
Project("{2150E333-8FDC-42A3-9474-1A3956D46DE8}") = "FormApps", "FormApps", "{3748B6DE-E9E3-40AD-8372-CFB9AA486DA4}"
EndProject
Project("{9A19103F-16F7-4668-BE54-9A1E7A4F7556}") = "BallApp", "FormApps\BallApp\BallApp.csproj", "{83530393-0A01-43C0-90F6-B2BB3E386C7C}"
EndProject
Project("{2150E333-8FDC-42A3-9474-1A3956D46DE8}") = "Chapter03", "Chapter03", "{A7D67B74-A13D-4698-BFC8-6F2F8581F308}"
EndProject
Project("{FAE04EC0-301F-11D3-BF4B-00C04F79EFBC}") = "Section01", "Chapter03\Section01\Section01.csproj", "{C043D5D5-BBB9-446F-A5FC-C5CD77AEC77F}"
EndProject
Project("{2150E333-8FDC-42A3-9474-1A3956D46DE8}") = "演習問題", "演習問題", "{C4F4BBE1-9B96-4E6A-A06F-25CA0553E0D1}"
EndProject
Project("{FAE04EC0-301F-11D3-BF4B-00C04F79EFBC}") = "Exercise01", "Chapter03\演習問題\Exercise01\Exercise01.csproj", "{04DC7C4B-C0E6-4694-A9EB-6755CE259B58}"
EndProject
Global
	GlobalSection(SolutionConfigurationPlatforms) = preSolution
		Debug|Any CPU = Debug|Any CPU
		Release|Any CPU = Release|Any CPU
	EndGlobalSection
	GlobalSection(ProjectConfigurationPlatforms) = postSolution
		{9AEA87ED-D278-4223-B149-EB89E72476D4}.Debug|Any CPU.ActiveCfg = Debug|Any CPU
		{9AEA87ED-D278-4223-B149-EB89E72476D4}.Debug|Any CPU.Build.0 = Debug|Any CPU
		{9AEA87ED-D278-4223-B149-EB89E72476D4}.Release|Any CPU.ActiveCfg = Release|Any CPU
		{9AEA87ED-D278-4223-B149-EB89E72476D4}.Release|Any CPU.Build.0 = Release|Any CPU
		{A650C7E4-FE7B-4708-AE63-E4917BC20589}.Debug|Any CPU.ActiveCfg = Debug|Any CPU
		{A650C7E4-FE7B-4708-AE63-E4917BC20589}.Debug|Any CPU.Build.0 = Debug|Any CPU
		{A650C7E4-FE7B-4708-AE63-E4917BC20589}.Release|Any CPU.ActiveCfg = Release|Any CPU
		{A650C7E4-FE7B-4708-AE63-E4917BC20589}.Release|Any CPU.Build.0 = Release|Any CPU
		{449B1701-B4D2-4912-BE59-838A4C319936}.Debug|Any CPU.ActiveCfg = Debug|Any CPU
		{449B1701-B4D2-4912-BE59-838A4C319936}.Debug|Any CPU.Build.0 = Debug|Any CPU
		{449B1701-B4D2-4912-BE59-838A4C319936}.Release|Any CPU.ActiveCfg = Release|Any CPU
		{449B1701-B4D2-4912-BE59-838A4C319936}.Release|Any CPU.Build.0 = Release|Any CPU
		{AD4C01E7-851A-416F-AD73-558F59EC081C}.Debug|Any CPU.ActiveCfg = Debug|Any CPU
		{AD4C01E7-851A-416F-AD73-558F59EC081C}.Debug|Any CPU.Build.0 = Debug|Any CPU
		{AD4C01E7-851A-416F-AD73-558F59EC081C}.Release|Any CPU.ActiveCfg = Release|Any CPU
		{AD4C01E7-851A-416F-AD73-558F59EC081C}.Release|Any CPU.Build.0 = Release|Any CPU
		{D07EB584-3ADF-419A-B17C-8AFA05ADE54E}.Debug|Any CPU.ActiveCfg = Debug|Any CPU
		{D07EB584-3ADF-419A-B17C-8AFA05ADE54E}.Debug|Any CPU.Build.0 = Debug|Any CPU
		{D07EB584-3ADF-419A-B17C-8AFA05ADE54E}.Release|Any CPU.ActiveCfg = Release|Any CPU
		{D07EB584-3ADF-419A-B17C-8AFA05ADE54E}.Release|Any CPU.Build.0 = Release|Any CPU
		{4D95D509-AADF-4F85-ABFF-07E6643F04BC}.Debug|Any CPU.ActiveCfg = Debug|Any CPU
		{4D95D509-AADF-4F85-ABFF-07E6643F04BC}.Debug|Any CPU.Build.0 = Debug|Any CPU
		{4D95D509-AADF-4F85-ABFF-07E6643F04BC}.Release|Any CPU.ActiveCfg = Release|Any CPU
		{4D95D509-AADF-4F85-ABFF-07E6643F04BC}.Release|Any CPU.Build.0 = Release|Any CPU
		{83530393-0A01-43C0-90F6-B2BB3E386C7C}.Debug|Any CPU.ActiveCfg = Debug|Any CPU
		{83530393-0A01-43C0-90F6-B2BB3E386C7C}.Debug|Any CPU.Build.0 = Debug|Any CPU
		{83530393-0A01-43C0-90F6-B2BB3E386C7C}.Release|Any CPU.ActiveCfg = Release|Any CPU
		{83530393-0A01-43C0-90F6-B2BB3E386C7C}.Release|Any CPU.Build.0 = Release|Any CPU
		{C043D5D5-BBB9-446F-A5FC-C5CD77AEC77F}.Debug|Any CPU.ActiveCfg = Debug|Any CPU
		{C043D5D5-BBB9-446F-A5FC-C5CD77AEC77F}.Debug|Any CPU.Build.0 = Debug|Any CPU
		{C043D5D5-BBB9-446F-A5FC-C5CD77AEC77F}.Release|Any CPU.ActiveCfg = Release|Any CPU
		{C043D5D5-BBB9-446F-A5FC-C5CD77AEC77F}.Release|Any CPU.Build.0 = Release|Any CPU
		{04DC7C4B-C0E6-4694-A9EB-6755CE259B58}.Debug|Any CPU.ActiveCfg = Debug|Any CPU
		{04DC7C4B-C0E6-4694-A9EB-6755CE259B58}.Debug|Any CPU.Build.0 = Debug|Any CPU
		{04DC7C4B-C0E6-4694-A9EB-6755CE259B58}.Release|Any CPU.ActiveCfg = Release|Any CPU
		{04DC7C4B-C0E6-4694-A9EB-6755CE259B58}.Release|Any CPU.Build.0 = Release|Any CPU
	EndGlobalSection
	GlobalSection(SolutionProperties) = preSolution
		HideSolutionNode = FALSE
	EndGlobalSection
	GlobalSection(NestedProjects) = preSolution
		{9AEA87ED-D278-4223-B149-EB89E72476D4} = {B7BD81D2-B165-4877-8C67-2867D79163BB}
		{A650C7E4-FE7B-4708-AE63-E4917BC20589} = {B7BD81D2-B165-4877-8C67-2867D79163BB}
		{C052CAE1-D7A9-4C0F-B93A-E2BAD7564118} = {3873901C-B753-49C5-8D23-C8C82CC0D193}
		{449B1701-B4D2-4912-BE59-838A4C319936} = {C052CAE1-D7A9-4C0F-B93A-E2BAD7564118}
		{0FB037C4-F0C8-44A5-B2C6-BE7E9333CAC5} = {3873901C-B753-49C5-8D23-C8C82CC0D193}
		{AD4C01E7-851A-416F-AD73-558F59EC081C} = {0FB037C4-F0C8-44A5-B2C6-BE7E9333CAC5}
		{D07EB584-3ADF-419A-B17C-8AFA05ADE54E} = {0FB037C4-F0C8-44A5-B2C6-BE7E9333CAC5}
		{4C64DCC1-8A66-4B35-B375-CC640F401D3A} = {3873901C-B753-49C5-8D23-C8C82CC0D193}
		{4D95D509-AADF-4F85-ABFF-07E6643F04BC} = {4C64DCC1-8A66-4B35-B375-CC640F401D3A}
		{83530393-0A01-43C0-90F6-B2BB3E386C7C} = {3748B6DE-E9E3-40AD-8372-CFB9AA486DA4}
		{C043D5D5-BBB9-446F-A5FC-C5CD77AEC77F} = {A7D67B74-A13D-4698-BFC8-6F2F8581F308}
		{C4F4BBE1-9B96-4E6A-A06F-25CA0553E0D1} = {A7D67B74-A13D-4698-BFC8-6F2F8581F308}
		{04DC7C4B-C0E6-4694-A9EB-6755CE259B58} = {C4F4BBE1-9B96-4E6A-A06F-25CA0553E0D1}
	EndGlobalSection
	GlobalSection(ExtensibilityGlobals) = postSolution
		SolutionGuid = {C6BDA932-02D0-45AF-9870-D1746C173676}
	EndGlobalSection
EndGlobal
